// !$*UTF8*$!
{
	archiveVersion = 1;
	classes = {
	};
	objectVersion = 50;
	objects = {

/* Begin PBXBuildFile section */
		6E4FFF6D240D603500C60596 /* MainCalenderView.swift in Sources */ = {isa = PBXBuildFile; fileRef = 6E4FFF6C240D603500C60596 /* MainCalenderView.swift */; };
		6E4FFF6F240D607500C60596 /* DetailCalenderView.swift in Sources */ = {isa = PBXBuildFile; fileRef = 6E4FFF6E240D607500C60596 /* DetailCalenderView.swift */; };
		6E4FFF72240D60DF00C60596 /* GridView.swift in Sources */ = {isa = PBXBuildFile; fileRef = 6E4FFF71240D60DF00C60596 /* GridView.swift */; };
		6E4FFF75240D612500C60596 /* GridCell.swift in Sources */ = {isa = PBXBuildFile; fileRef = 6E4FFF74240D612500C60596 /* GridCell.swift */; };
		6E4FFF77240D615E00C60596 /* AdventItemModel.swift in Sources */ = {isa = PBXBuildFile; fileRef = 6E4FFF76240D615E00C60596 /* AdventItemModel.swift */; };
		6E4FFF79240D616E00C60596 /* AdventCalenderListResponse.swift in Sources */ = {isa = PBXBuildFile; fileRef = 6E4FFF78240D616E00C60596 /* AdventCalenderListResponse.swift */; };
		6E4FFF7C240D621000C60596 /* ConfigurationConstants.swift in Sources */ = {isa = PBXBuildFile; fileRef = 6E4FFF7B240D621000C60596 /* ConfigurationConstants.swift */; };
		6E4FFF7E240D62EE00C60596 /* APIService.swift in Sources */ = {isa = PBXBuildFile; fileRef = 6E4FFF7D240D62EE00C60596 /* APIService.swift */; };
		6E4FFF80240D630700C60596 /* APIServiceError.swift in Sources */ = {isa = PBXBuildFile; fileRef = 6E4FFF7F240D630700C60596 /* APIServiceError.swift */; };
		6E4FFF82240D632500C60596 /* AdventCalenderListRequest.swift in Sources */ = {isa = PBXBuildFile; fileRef = 6E4FFF81240D632500C60596 /* AdventCalenderListRequest.swift */; };
		6E4FFF84240D635300C60596 /* TrackerService.swift in Sources */ = {isa = PBXBuildFile; fileRef = 6E4FFF83240D635300C60596 /* TrackerService.swift */; };
		6E4FFF86240D636300C60596 /* ExperimentService.swift in Sources */ = {isa = PBXBuildFile; fileRef = 6E4FFF85240D636300C60596 /* ExperimentService.swift */; };
		6E4FFF89240D63FE00C60596 /* UIFontExtensions.swift in Sources */ = {isa = PBXBuildFile; fileRef = 6E4FFF88240D63FE00C60596 /* UIFontExtensions.swift */; };
		6E9C58D8240D53FD007AFD22 /* AppDelegate.swift in Sources */ = {isa = PBXBuildFile; fileRef = 6E9C58D7240D53FD007AFD22 /* AppDelegate.swift */; };
		6E9C58DA240D53FD007AFD22 /* SceneDelegate.swift in Sources */ = {isa = PBXBuildFile; fileRef = 6E9C58D9240D53FD007AFD22 /* SceneDelegate.swift */; };
		6E9C58DC240D53FD007AFD22 /* ContentView.swift in Sources */ = {isa = PBXBuildFile; fileRef = 6E9C58DB240D53FD007AFD22 /* ContentView.swift */; };
		6E9C58DE240D53FE007AFD22 /* Assets.xcassets in Resources */ = {isa = PBXBuildFile; fileRef = 6E9C58DD240D53FE007AFD22 /* Assets.xcassets */; };
		6E9C58E1240D53FE007AFD22 /* Preview Assets.xcassets in Resources */ = {isa = PBXBuildFile; fileRef = 6E9C58E0240D53FE007AFD22 /* Preview Assets.xcassets */; };
		6E9C58E4240D53FE007AFD22 /* LaunchScreen.storyboard in Resources */ = {isa = PBXBuildFile; fileRef = 6E9C58E2240D53FE007AFD22 /* LaunchScreen.storyboard */; };
		6E9C58EF240D53FF007AFD22 /* PSAdeventCalenderTests.swift in Sources */ = {isa = PBXBuildFile; fileRef = 6E9C58EE240D53FF007AFD22 /* PSAdeventCalenderTests.swift */; };
		6E9C58FA240D53FF007AFD22 /* PSAdeventCalenderUITests.swift in Sources */ = {isa = PBXBuildFile; fileRef = 6E9C58F9240D53FF007AFD22 /* PSAdeventCalenderUITests.swift */; };
		6E9C5926240D5D36007AFD22 /* Lato-HeavyItalic.ttf in Resources */ = {isa = PBXBuildFile; fileRef = 6E9C5912240D5D36007AFD22 /* Lato-HeavyItalic.ttf */; };
		6E9C5927240D5D36007AFD22 /* Lato-Italic.ttf in Resources */ = {isa = PBXBuildFile; fileRef = 6E9C5913240D5D36007AFD22 /* Lato-Italic.ttf */; };
		6E9C5928240D5D36007AFD22 /* Lato-LightItalic.ttf in Resources */ = {isa = PBXBuildFile; fileRef = 6E9C5914240D5D36007AFD22 /* Lato-LightItalic.ttf */; };
		6E9C5929240D5D36007AFD22 /* Lato-Thin.ttf in Resources */ = {isa = PBXBuildFile; fileRef = 6E9C5915240D5D36007AFD22 /* Lato-Thin.ttf */; };
		6E9C592A240D5D36007AFD22 /* Lato-Bold.ttf in Resources */ = {isa = PBXBuildFile; fileRef = 6E9C5916240D5D36007AFD22 /* Lato-Bold.ttf */; };
		6E9C592B240D5D36007AFD22 /* Lato-Black.ttf in Resources */ = {isa = PBXBuildFile; fileRef = 6E9C5917240D5D36007AFD22 /* Lato-Black.ttf */; };
		6E9C592C240D5D36007AFD22 /* Lato-SemiboldItalic.ttf in Resources */ = {isa = PBXBuildFile; fileRef = 6E9C5918240D5D36007AFD22 /* Lato-SemiboldItalic.ttf */; };
		6E9C592D240D5D36007AFD22 /* Lato-HairlineItalic.ttf in Resources */ = {isa = PBXBuildFile; fileRef = 6E9C5919240D5D36007AFD22 /* Lato-HairlineItalic.ttf */; };
		6E9C592E240D5D36007AFD22 /* Lato-Regular.ttf in Resources */ = {isa = PBXBuildFile; fileRef = 6E9C591A240D5D36007AFD22 /* Lato-Regular.ttf */; };
		6E9C592F240D5D36007AFD22 /* Lato-Hairline.ttf in Resources */ = {isa = PBXBuildFile; fileRef = 6E9C591B240D5D36007AFD22 /* Lato-Hairline.ttf */; };
		6E9C5930240D5D36007AFD22 /* Lato-BlackItalic.ttf in Resources */ = {isa = PBXBuildFile; fileRef = 6E9C591C240D5D36007AFD22 /* Lato-BlackItalic.ttf */; };
		6E9C5931240D5D36007AFD22 /* Lato-Semibold.ttf in Resources */ = {isa = PBXBuildFile; fileRef = 6E9C591D240D5D36007AFD22 /* Lato-Semibold.ttf */; };
		6E9C5932240D5D36007AFD22 /* Lato-MediumItalic.ttf in Resources */ = {isa = PBXBuildFile; fileRef = 6E9C591E240D5D36007AFD22 /* Lato-MediumItalic.ttf */; };
		6E9C5933240D5D36007AFD22 /* OFL.txt in Resources */ = {isa = PBXBuildFile; fileRef = 6E9C591F240D5D36007AFD22 /* OFL.txt */; };
		6E9C5934240D5D36007AFD22 /* Lato-Heavy.ttf in Resources */ = {isa = PBXBuildFile; fileRef = 6E9C5920240D5D36007AFD22 /* Lato-Heavy.ttf */; };
		6E9C5935240D5D36007AFD22 /* README.txt in Resources */ = {isa = PBXBuildFile; fileRef = 6E9C5921240D5D36007AFD22 /* README.txt */; };
		6E9C5936240D5D36007AFD22 /* Lato-BoldItalic.ttf in Resources */ = {isa = PBXBuildFile; fileRef = 6E9C5922240D5D36007AFD22 /* Lato-BoldItalic.ttf */; };
		6E9C5937240D5D36007AFD22 /* Lato-Light.ttf in Resources */ = {isa = PBXBuildFile; fileRef = 6E9C5923240D5D36007AFD22 /* Lato-Light.ttf */; };
		6E9C5938240D5D36007AFD22 /* Lato-Medium.ttf in Resources */ = {isa = PBXBuildFile; fileRef = 6E9C5924240D5D36007AFD22 /* Lato-Medium.ttf */; };
		6E9C5939240D5D36007AFD22 /* Lato-ThinItalic.ttf in Resources */ = {isa = PBXBuildFile; fileRef = 6E9C5925240D5D36007AFD22 /* Lato-ThinItalic.ttf */; };
/* End PBXBuildFile section */

/* Begin PBXContainerItemProxy section */
		6E9C58EB240D53FF007AFD22 /* PBXContainerItemProxy */ = {
			isa = PBXContainerItemProxy;
			containerPortal = 6E9C58CC240D53FD007AFD22 /* Project object */;
			proxyType = 1;
			remoteGlobalIDString = 6E9C58D3240D53FD007AFD22;
			remoteInfo = PSAdeventCalender;
		};
		6E9C58F6240D53FF007AFD22 /* PBXContainerItemProxy */ = {
			isa = PBXContainerItemProxy;
			containerPortal = 6E9C58CC240D53FD007AFD22 /* Project object */;
			proxyType = 1;
			remoteGlobalIDString = 6E9C58D3240D53FD007AFD22;
			remoteInfo = PSAdeventCalender;
		};
/* End PBXContainerItemProxy section */

/* Begin PBXFileReference section */
		6E4FFF6C240D603500C60596 /* MainCalenderView.swift */ = {isa = PBXFileReference; lastKnownFileType = sourcecode.swift; path = MainCalenderView.swift; sourceTree = "<group>"; };
		6E4FFF6E240D607500C60596 /* DetailCalenderView.swift */ = {isa = PBXFileReference; lastKnownFileType = sourcecode.swift; path = DetailCalenderView.swift; sourceTree = "<group>"; };
		6E4FFF71240D60DF00C60596 /* GridView.swift */ = {isa = PBXFileReference; lastKnownFileType = sourcecode.swift; path = GridView.swift; sourceTree = "<group>"; };
		6E4FFF74240D612500C60596 /* GridCell.swift */ = {isa = PBXFileReference; lastKnownFileType = sourcecode.swift; path = GridCell.swift; sourceTree = "<group>"; };
		6E4FFF76240D615E00C60596 /* AdventItemModel.swift */ = {isa = PBXFileReference; lastKnownFileType = sourcecode.swift; path = AdventItemModel.swift; sourceTree = "<group>"; };
		6E4FFF78240D616E00C60596 /* AdventCalenderListResponse.swift */ = {isa = PBXFileReference; lastKnownFileType = sourcecode.swift; path = AdventCalenderListResponse.swift; sourceTree = "<group>"; };
		6E4FFF7B240D621000C60596 /* ConfigurationConstants.swift */ = {isa = PBXFileReference; lastKnownFileType = sourcecode.swift; path = ConfigurationConstants.swift; sourceTree = "<group>"; };
		6E4FFF7D240D62EE00C60596 /* APIService.swift */ = {isa = PBXFileReference; lastKnownFileType = sourcecode.swift; path = APIService.swift; sourceTree = "<group>"; };
		6E4FFF7F240D630700C60596 /* APIServiceError.swift */ = {isa = PBXFileReference; lastKnownFileType = sourcecode.swift; path = APIServiceError.swift; sourceTree = "<group>"; };
		6E4FFF81240D632500C60596 /* AdventCalenderListRequest.swift */ = {isa = PBXFileReference; lastKnownFileType = sourcecode.swift; path = AdventCalenderListRequest.swift; sourceTree = "<group>"; };
		6E4FFF83240D635300C60596 /* TrackerService.swift */ = {isa = PBXFileReference; lastKnownFileType = sourcecode.swift; path = TrackerService.swift; sourceTree = "<group>"; };
		6E4FFF85240D636300C60596 /* ExperimentService.swift */ = {isa = PBXFileReference; lastKnownFileType = sourcecode.swift; path = ExperimentService.swift; sourceTree = "<group>"; };
		6E4FFF88240D63FE00C60596 /* UIFontExtensions.swift */ = {isa = PBXFileReference; lastKnownFileType = sourcecode.swift; path = UIFontExtensions.swift; sourceTree = "<group>"; };
		6E9C58D4240D53FD007AFD22 /* PSAdeventCalender.app */ = {isa = PBXFileReference; explicitFileType = wrapper.application; includeInIndex = 0; path = PSAdeventCalender.app; sourceTree = BUILT_PRODUCTS_DIR; };
		6E9C58D7240D53FD007AFD22 /* AppDelegate.swift */ = {isa = PBXFileReference; lastKnownFileType = sourcecode.swift; path = AppDelegate.swift; sourceTree = "<group>"; };
		6E9C58D9240D53FD007AFD22 /* SceneDelegate.swift */ = {isa = PBXFileReference; lastKnownFileType = sourcecode.swift; path = SceneDelegate.swift; sourceTree = "<group>"; };
		6E9C58DB240D53FD007AFD22 /* ContentView.swift */ = {isa = PBXFileReference; lastKnownFileType = sourcecode.swift; path = ContentView.swift; sourceTree = "<group>"; };
		6E9C58DD240D53FE007AFD22 /* Assets.xcassets */ = {isa = PBXFileReference; lastKnownFileType = folder.assetcatalog; path = Assets.xcassets; sourceTree = "<group>"; };
		6E9C58E0240D53FE007AFD22 /* Preview Assets.xcassets */ = {isa = PBXFileReference; lastKnownFileType = folder.assetcatalog; path = "Preview Assets.xcassets"; sourceTree = "<group>"; };
		6E9C58E3240D53FE007AFD22 /* Base */ = {isa = PBXFileReference; lastKnownFileType = file.storyboard; name = Base; path = Base.lproj/LaunchScreen.storyboard; sourceTree = "<group>"; };
		6E9C58E5240D53FE007AFD22 /* Info.plist */ = {isa = PBXFileReference; lastKnownFileType = text.plist.xml; path = Info.plist; sourceTree = "<group>"; };
		6E9C58EA240D53FF007AFD22 /* PSAdeventCalenderTests.xctest */ = {isa = PBXFileReference; explicitFileType = wrapper.cfbundle; includeInIndex = 0; path = PSAdeventCalenderTests.xctest; sourceTree = BUILT_PRODUCTS_DIR; };
		6E9C58EE240D53FF007AFD22 /* PSAdeventCalenderTests.swift */ = {isa = PBXFileReference; lastKnownFileType = sourcecode.swift; path = PSAdeventCalenderTests.swift; sourceTree = "<group>"; };
		6E9C58F0240D53FF007AFD22 /* Info.plist */ = {isa = PBXFileReference; lastKnownFileType = text.plist.xml; path = Info.plist; sourceTree = "<group>"; };
		6E9C58F5240D53FF007AFD22 /* PSAdeventCalenderUITests.xctest */ = {isa = PBXFileReference; explicitFileType = wrapper.cfbundle; includeInIndex = 0; path = PSAdeventCalenderUITests.xctest; sourceTree = BUILT_PRODUCTS_DIR; };
		6E9C58F9240D53FF007AFD22 /* PSAdeventCalenderUITests.swift */ = {isa = PBXFileReference; lastKnownFileType = sourcecode.swift; path = PSAdeventCalenderUITests.swift; sourceTree = "<group>"; };
		6E9C58FB240D53FF007AFD22 /* Info.plist */ = {isa = PBXFileReference; lastKnownFileType = text.plist.xml; path = Info.plist; sourceTree = "<group>"; };
		6E9C5912240D5D36007AFD22 /* Lato-HeavyItalic.ttf */ = {isa = PBXFileReference; lastKnownFileType = file; path = "Lato-HeavyItalic.ttf"; sourceTree = "<group>"; };
		6E9C5913240D5D36007AFD22 /* Lato-Italic.ttf */ = {isa = PBXFileReference; lastKnownFileType = file; path = "Lato-Italic.ttf"; sourceTree = "<group>"; };
		6E9C5914240D5D36007AFD22 /* Lato-LightItalic.ttf */ = {isa = PBXFileReference; lastKnownFileType = file; path = "Lato-LightItalic.ttf"; sourceTree = "<group>"; };
		6E9C5915240D5D36007AFD22 /* Lato-Thin.ttf */ = {isa = PBXFileReference; lastKnownFileType = file; path = "Lato-Thin.ttf"; sourceTree = "<group>"; };
		6E9C5916240D5D36007AFD22 /* Lato-Bold.ttf */ = {isa = PBXFileReference; lastKnownFileType = file; path = "Lato-Bold.ttf"; sourceTree = "<group>"; };
		6E9C5917240D5D36007AFD22 /* Lato-Black.ttf */ = {isa = PBXFileReference; lastKnownFileType = file; path = "Lato-Black.ttf"; sourceTree = "<group>"; };
		6E9C5918240D5D36007AFD22 /* Lato-SemiboldItalic.ttf */ = {isa = PBXFileReference; lastKnownFileType = file; path = "Lato-SemiboldItalic.ttf"; sourceTree = "<group>"; };
		6E9C5919240D5D36007AFD22 /* Lato-HairlineItalic.ttf */ = {isa = PBXFileReference; lastKnownFileType = file; path = "Lato-HairlineItalic.ttf"; sourceTree = "<group>"; };
		6E9C591A240D5D36007AFD22 /* Lato-Regular.ttf */ = {isa = PBXFileReference; lastKnownFileType = file; path = "Lato-Regular.ttf"; sourceTree = "<group>"; };
		6E9C591B240D5D36007AFD22 /* Lato-Hairline.ttf */ = {isa = PBXFileReference; lastKnownFileType = file; path = "Lato-Hairline.ttf"; sourceTree = "<group>"; };
		6E9C591C240D5D36007AFD22 /* Lato-BlackItalic.ttf */ = {isa = PBXFileReference; lastKnownFileType = file; path = "Lato-BlackItalic.ttf"; sourceTree = "<group>"; };
		6E9C591D240D5D36007AFD22 /* Lato-Semibold.ttf */ = {isa = PBXFileReference; lastKnownFileType = file; path = "Lato-Semibold.ttf"; sourceTree = "<group>"; };
		6E9C591E240D5D36007AFD22 /* Lato-MediumItalic.ttf */ = {isa = PBXFileReference; lastKnownFileType = file; path = "Lato-MediumItalic.ttf"; sourceTree = "<group>"; };
		6E9C591F240D5D36007AFD22 /* OFL.txt */ = {isa = PBXFileReference; fileEncoding = 4; lastKnownFileType = text; path = OFL.txt; sourceTree = "<group>"; };
		6E9C5920240D5D36007AFD22 /* Lato-Heavy.ttf */ = {isa = PBXFileReference; lastKnownFileType = file; path = "Lato-Heavy.ttf"; sourceTree = "<group>"; };
		6E9C5921240D5D36007AFD22 /* README.txt */ = {isa = PBXFileReference; fileEncoding = 4; lastKnownFileType = text; path = README.txt; sourceTree = "<group>"; };
		6E9C5922240D5D36007AFD22 /* Lato-BoldItalic.ttf */ = {isa = PBXFileReference; lastKnownFileType = file; path = "Lato-BoldItalic.ttf"; sourceTree = "<group>"; };
		6E9C5923240D5D36007AFD22 /* Lato-Light.ttf */ = {isa = PBXFileReference; lastKnownFileType = file; path = "Lato-Light.ttf"; sourceTree = "<group>"; };
		6E9C5924240D5D36007AFD22 /* Lato-Medium.ttf */ = {isa = PBXFileReference; lastKnownFileType = file; path = "Lato-Medium.ttf"; sourceTree = "<group>"; };
		6E9C5925240D5D36007AFD22 /* Lato-ThinItalic.ttf */ = {isa = PBXFileReference; lastKnownFileType = file; path = "Lato-ThinItalic.ttf"; sourceTree = "<group>"; };
/* End PBXFileReference section */

/* Begin PBXFrameworksBuildPhase section */
		6E9C58D1240D53FD007AFD22 /* Frameworks */ = {
			isa = PBXFrameworksBuildPhase;
			buildActionMask = 2147483647;
			files = (
			);
			runOnlyForDeploymentPostprocessing = 0;
		};
		6E9C58E7240D53FF007AFD22 /* Frameworks */ = {
			isa = PBXFrameworksBuildPhase;
			buildActionMask = 2147483647;
			files = (
			);
			runOnlyForDeploymentPostprocessing = 0;
		};
		6E9C58F2240D53FF007AFD22 /* Frameworks */ = {
			isa = PBXFrameworksBuildPhase;
			buildActionMask = 2147483647;
			files = (
			);
			runOnlyForDeploymentPostprocessing = 0;
		};
/* End PBXFrameworksBuildPhase section */

/* Begin PBXGroup section */
		6E4FFF70240D60B800C60596 /* GridView */ = {
			isa = PBXGroup;
			children = (
				6E4FFF73240D610D00C60596 /* GridCell */,
				6E4FFF71240D60DF00C60596 /* GridView.swift */,
			);
			path = GridView;
			sourceTree = "<group>";
		};
		6E4FFF73240D610D00C60596 /* GridCell */ = {
			isa = PBXGroup;
			children = (
				6E4FFF74240D612500C60596 /* GridCell.swift */,
			);
			path = GridCell;
			sourceTree = "<group>";
		};
		6E4FFF7A240D61FB00C60596 /* Configuration */ = {
			isa = PBXGroup;
			children = (
				6E4FFF7B240D621000C60596 /* ConfigurationConstants.swift */,
			);
			path = Configuration;
			sourceTree = "<group>";
		};
		6E4FFF87240D63DB00C60596 /* Extensions */ = {
			isa = PBXGroup;
			children = (
				6E4FFF88240D63FE00C60596 /* UIFontExtensions.swift */,
			);
			path = Extensions;
			sourceTree = "<group>";
		};
		6E9C58CB240D53FD007AFD22 = {
			isa = PBXGroup;
			children = (
				6E9C58D6240D53FD007AFD22 /* PSAdeventCalender */,
				6E9C58ED240D53FF007AFD22 /* PSAdeventCalenderTests */,
				6E9C58F8240D53FF007AFD22 /* PSAdeventCalenderUITests */,
				6E9C58D5240D53FD007AFD22 /* Products */,
			);
			sourceTree = "<group>";
		};
		6E9C58D5240D53FD007AFD22 /* Products */ = {
			isa = PBXGroup;
			children = (
				6E9C58D4240D53FD007AFD22 /* PSAdeventCalender.app */,
				6E9C58EA240D53FF007AFD22 /* PSAdeventCalenderTests.xctest */,
				6E9C58F5240D53FF007AFD22 /* PSAdeventCalenderUITests.xctest */,
			);
			name = Products;
			sourceTree = "<group>";
		};
		6E9C58D6240D53FD007AFD22 /* PSAdeventCalender */ = {
			isa = PBXGroup;
			children = (
				6E9C5909240D5678007AFD22 /* Services */,
				6E9C590A240D5681007AFD22 /* Models */,
				6E9C590B240D5918007AFD22 /* Views */,
				6E9C590C240D5924007AFD22 /* ViewModels */,
				6E9C590D240D5931007AFD22 /* Resources */,
				6E9C590E240D593C007AFD22 /* Utilities */,
				6E9C58D7240D53FD007AFD22 /* AppDelegate.swift */,
				6E9C58D9240D53FD007AFD22 /* SceneDelegate.swift */,
				6E9C58DB240D53FD007AFD22 /* ContentView.swift */,
				6E9C58DD240D53FE007AFD22 /* Assets.xcassets */,
				6E9C58E2240D53FE007AFD22 /* LaunchScreen.storyboard */,
				6E9C58E5240D53FE007AFD22 /* Info.plist */,
				6E9C58DF240D53FE007AFD22 /* Preview Content */,
			);
			path = PSAdeventCalender;
			sourceTree = "<group>";
		};
		6E9C58DF240D53FE007AFD22 /* Preview Content */ = {
			isa = PBXGroup;
			children = (
				6E9C58E0240D53FE007AFD22 /* Preview Assets.xcassets */,
			);
			path = "Preview Content";
			sourceTree = "<group>";
		};
		6E9C58ED240D53FF007AFD22 /* PSAdeventCalenderTests */ = {
			isa = PBXGroup;
			children = (
				6E9C58EE240D53FF007AFD22 /* PSAdeventCalenderTests.swift */,
				6E9C58F0240D53FF007AFD22 /* Info.plist */,
			);
			path = PSAdeventCalenderTests;
			sourceTree = "<group>";
		};
		6E9C58F8240D53FF007AFD22 /* PSAdeventCalenderUITests */ = {
			isa = PBXGroup;
			children = (
				6E9C58F9240D53FF007AFD22 /* PSAdeventCalenderUITests.swift */,
				6E9C58FB240D53FF007AFD22 /* Info.plist */,
			);
			path = PSAdeventCalenderUITests;
			sourceTree = "<group>";
		};
		6E9C5909240D5678007AFD22 /* Services */ = {
			isa = PBXGroup;
			children = (
				6E4FFF7A240D61FB00C60596 /* Configuration */,
				6E4FFF7D240D62EE00C60596 /* APIService.swift */,
				6E4FFF7F240D630700C60596 /* APIServiceError.swift */,
				6E4FFF81240D632500C60596 /* AdventCalenderListRequest.swift */,
				6E4FFF83240D635300C60596 /* TrackerService.swift */,
				6E4FFF85240D636300C60596 /* ExperimentService.swift */,
			);
			path = Services;
			sourceTree = "<group>";
		};
		6E9C590A240D5681007AFD22 /* Models */ = {
			isa = PBXGroup;
			children = (
				6E4FFF76240D615E00C60596 /* AdventItemModel.swift */,
				6E4FFF78240D616E00C60596 /* AdventCalenderListResponse.swift */,
			);
			path = Models;
			sourceTree = "<group>";
		};
		6E9C590B240D5918007AFD22 /* Views */ = {
			isa = PBXGroup;
			children = (
				6E4FFF70240D60B800C60596 /* GridView */,
				6E9C5941240D5F59007AFD22 /* MainCalenderView */,
				6E9C5942240D5F69007AFD22 /* DetailCalenderView */,
			);
			path = Views;
			sourceTree = "<group>";
		};
		6E9C590C240D5924007AFD22 /* ViewModels */ = {
			isa = PBXGroup;
			children = (
			);
			path = ViewModels;
			sourceTree = "<group>";
		};
		6E9C590D240D5931007AFD22 /* Resources */ = {
			isa = PBXGroup;
			children = (
				6E9C590F240D5D18007AFD22 /* Fonts */,
			);
			path = Resources;
			sourceTree = "<group>";
		};
		6E9C590E240D593C007AFD22 /* Utilities */ = {
			isa = PBXGroup;
			children = (
				6E4FFF87240D63DB00C60596 /* Extensions */,
			);
			path = Utilities;
			sourceTree = "<group>";
		};
		6E9C590F240D5D18007AFD22 /* Fonts */ = {
			isa = PBXGroup;
			children = (
				6E9C5911240D5D36007AFD22 /* Lato2OFL */,
			);
			path = Fonts;
			sourceTree = "<group>";
		};
		6E9C5911240D5D36007AFD22 /* Lato2OFL */ = {
			isa = PBXGroup;
			children = (
				6E9C5912240D5D36007AFD22 /* Lato-HeavyItalic.ttf */,
				6E9C5913240D5D36007AFD22 /* Lato-Italic.ttf */,
				6E9C5914240D5D36007AFD22 /* Lato-LightItalic.ttf */,
				6E9C5915240D5D36007AFD22 /* Lato-Thin.ttf */,
				6E9C5916240D5D36007AFD22 /* Lato-Bold.ttf */,
				6E9C5917240D5D36007AFD22 /* Lato-Black.ttf */,
				6E9C5918240D5D36007AFD22 /* Lato-SemiboldItalic.ttf */,
				6E9C5919240D5D36007AFD22 /* Lato-HairlineItalic.ttf */,
				6E9C591A240D5D36007AFD22 /* Lato-Regular.ttf */,
				6E9C591B240D5D36007AFD22 /* Lato-Hairline.ttf */,
				6E9C591C240D5D36007AFD22 /* Lato-BlackItalic.ttf */,
				6E9C591D240D5D36007AFD22 /* Lato-Semibold.ttf */,
				6E9C591E240D5D36007AFD22 /* Lato-MediumItalic.ttf */,
				6E9C591F240D5D36007AFD22 /* OFL.txt */,
				6E9C5920240D5D36007AFD22 /* Lato-Heavy.ttf */,
				6E9C5921240D5D36007AFD22 /* README.txt */,
				6E9C5922240D5D36007AFD22 /* Lato-BoldItalic.ttf */,
				6E9C5923240D5D36007AFD22 /* Lato-Light.ttf */,
				6E9C5924240D5D36007AFD22 /* Lato-Medium.ttf */,
				6E9C5925240D5D36007AFD22 /* Lato-ThinItalic.ttf */,
			);
			path = Lato2OFL;
			sourceTree = "<group>";
		};
		6E9C5941240D5F59007AFD22 /* MainCalenderView */ = {
			isa = PBXGroup;
			children = (
				6E4FFF6C240D603500C60596 /* MainCalenderView.swift */,
			);
			path = MainCalenderView;
			sourceTree = "<group>";
		};
		6E9C5942240D5F69007AFD22 /* DetailCalenderView */ = {
			isa = PBXGroup;
			children = (
				6E4FFF6E240D607500C60596 /* DetailCalenderView.swift */,
			);
			path = DetailCalenderView;
			sourceTree = "<group>";
		};
/* End PBXGroup section */

/* Begin PBXNativeTarget section */
		6E9C58D3240D53FD007AFD22 /* PSAdeventCalender */ = {
			isa = PBXNativeTarget;
			buildConfigurationList = 6E9C58FE240D53FF007AFD22 /* Build configuration list for PBXNativeTarget "PSAdeventCalender" */;
			buildPhases = (
				6E9C5908240D55EF007AFD22 /* ShellScript */,
				6E9C58D0240D53FD007AFD22 /* Sources */,
				6E9C58D1240D53FD007AFD22 /* Frameworks */,
				6E9C58D2240D53FD007AFD22 /* Resources */,
			);
			buildRules = (
			);
			dependencies = (
			);
			name = PSAdeventCalender;
			productName = PSAdeventCalender;
			productReference = 6E9C58D4240D53FD007AFD22 /* PSAdeventCalender.app */;
			productType = "com.apple.product-type.application";
		};
		6E9C58E9240D53FF007AFD22 /* PSAdeventCalenderTests */ = {
			isa = PBXNativeTarget;
			buildConfigurationList = 6E9C5901240D53FF007AFD22 /* Build configuration list for PBXNativeTarget "PSAdeventCalenderTests" */;
			buildPhases = (
				6E9C58E6240D53FF007AFD22 /* Sources */,
				6E9C58E7240D53FF007AFD22 /* Frameworks */,
				6E9C58E8240D53FF007AFD22 /* Resources */,
			);
			buildRules = (
			);
			dependencies = (
				6E9C58EC240D53FF007AFD22 /* PBXTargetDependency */,
			);
			name = PSAdeventCalenderTests;
			productName = PSAdeventCalenderTests;
			productReference = 6E9C58EA240D53FF007AFD22 /* PSAdeventCalenderTests.xctest */;
			productType = "com.apple.product-type.bundle.unit-test";
		};
		6E9C58F4240D53FF007AFD22 /* PSAdeventCalenderUITests */ = {
			isa = PBXNativeTarget;
			buildConfigurationList = 6E9C5904240D53FF007AFD22 /* Build configuration list for PBXNativeTarget "PSAdeventCalenderUITests" */;
			buildPhases = (
				6E9C58F1240D53FF007AFD22 /* Sources */,
				6E9C58F2240D53FF007AFD22 /* Frameworks */,
				6E9C58F3240D53FF007AFD22 /* Resources */,
			);
			buildRules = (
			);
			dependencies = (
				6E9C58F7240D53FF007AFD22 /* PBXTargetDependency */,
			);
			name = PSAdeventCalenderUITests;
			productName = PSAdeventCalenderUITests;
			productReference = 6E9C58F5240D53FF007AFD22 /* PSAdeventCalenderUITests.xctest */;
			productType = "com.apple.product-type.bundle.ui-testing";
		};
/* End PBXNativeTarget section */

/* Begin PBXProject section */
		6E9C58CC240D53FD007AFD22 /* Project object */ = {
			isa = PBXProject;
			attributes = {
				LastSwiftUpdateCheck = 1130;
				LastUpgradeCheck = 1130;
				ORGANIZATIONNAME = "Abdul Basit";
				TargetAttributes = {
					6E9C58D3240D53FD007AFD22 = {
						CreatedOnToolsVersion = 11.3;
					};
					6E9C58E9240D53FF007AFD22 = {
						CreatedOnToolsVersion = 11.3;
						TestTargetID = 6E9C58D3240D53FD007AFD22;
					};
					6E9C58F4240D53FF007AFD22 = {
						CreatedOnToolsVersion = 11.3;
						TestTargetID = 6E9C58D3240D53FD007AFD22;
					};
				};
			};
			buildConfigurationList = 6E9C58CF240D53FD007AFD22 /* Build configuration list for PBXProject "PSAdeventCalender" */;
			compatibilityVersion = "Xcode 9.3";
			developmentRegion = en;
			hasScannedForEncodings = 0;
			knownRegions = (
				en,
				Base,
			);
			mainGroup = 6E9C58CB240D53FD007AFD22;
			productRefGroup = 6E9C58D5240D53FD007AFD22 /* Products */;
			projectDirPath = "";
			projectRoot = "";
			targets = (
				6E9C58D3240D53FD007AFD22 /* PSAdeventCalender */,
				6E9C58E9240D53FF007AFD22 /* PSAdeventCalenderTests */,
				6E9C58F4240D53FF007AFD22 /* PSAdeventCalenderUITests */,
			);
		};
/* End PBXProject section */

/* Begin PBXResourcesBuildPhase section */
		6E9C58D2240D53FD007AFD22 /* Resources */ = {
			isa = PBXResourcesBuildPhase;
			buildActionMask = 2147483647;
			files = (
				6E9C5933240D5D36007AFD22 /* OFL.txt in Resources */,
				6E9C592F240D5D36007AFD22 /* Lato-Hairline.ttf in Resources */,
				6E9C5927240D5D36007AFD22 /* Lato-Italic.ttf in Resources */,
				6E9C5938240D5D36007AFD22 /* Lato-Medium.ttf in Resources */,
				6E9C5930240D5D36007AFD22 /* Lato-BlackItalic.ttf in Resources */,
				6E9C592B240D5D36007AFD22 /* Lato-Black.ttf in Resources */,
				6E9C5928240D5D36007AFD22 /* Lato-LightItalic.ttf in Resources */,
				6E9C5937240D5D36007AFD22 /* Lato-Light.ttf in Resources */,
				6E9C5934240D5D36007AFD22 /* Lato-Heavy.ttf in Resources */,
				6E9C5932240D5D36007AFD22 /* Lato-MediumItalic.ttf in Resources */,
				6E9C5931240D5D36007AFD22 /* Lato-Semibold.ttf in Resources */,
				6E9C5929240D5D36007AFD22 /* Lato-Thin.ttf in Resources */,
				6E9C5926240D5D36007AFD22 /* Lato-HeavyItalic.ttf in Resources */,
				6E9C592C240D5D36007AFD22 /* Lato-SemiboldItalic.ttf in Resources */,
				6E9C592D240D5D36007AFD22 /* Lato-HairlineItalic.ttf in Resources */,
				6E9C592E240D5D36007AFD22 /* Lato-Regular.ttf in Resources */,
				6E9C58E4240D53FE007AFD22 /* LaunchScreen.storyboard in Resources */,
				6E9C5939240D5D36007AFD22 /* Lato-ThinItalic.ttf in Resources */,
				6E9C58E1240D53FE007AFD22 /* Preview Assets.xcassets in Resources */,
				6E9C5935240D5D36007AFD22 /* README.txt in Resources */,
				6E9C58DE240D53FE007AFD22 /* Assets.xcassets in Resources */,
				6E9C592A240D5D36007AFD22 /* Lato-Bold.ttf in Resources */,
				6E9C5936240D5D36007AFD22 /* Lato-BoldItalic.ttf in Resources */,
			);
			runOnlyForDeploymentPostprocessing = 0;
		};
		6E9C58E8240D53FF007AFD22 /* Resources */ = {
			isa = PBXResourcesBuildPhase;
			buildActionMask = 2147483647;
			files = (
			);
			runOnlyForDeploymentPostprocessing = 0;
		};
		6E9C58F3240D53FF007AFD22 /* Resources */ = {
			isa = PBXResourcesBuildPhase;
			buildActionMask = 2147483647;
			files = (
			);
			runOnlyForDeploymentPostprocessing = 0;
		};
/* End PBXResourcesBuildPhase section */

/* Begin PBXShellScriptBuildPhase section */
		6E9C5908240D55EF007AFD22 /* ShellScript */ = {
			isa = PBXShellScriptBuildPhase;
			buildActionMask = 2147483647;
			files = (
			);
			inputFileListPaths = (
			);
			inputPaths = (
			);
			outputFileListPaths = (
			);
			outputPaths = (
			);
			runOnlyForDeploymentPostprocessing = 0;
			shellPath = /bin/sh;
			shellScript = "if which swiftlint >/dev/null; then\n  swiftlint\nelse\n  echo \"warning: SwiftLint not installed, download from https://github.com/realm/SwiftLint\"\nfi\n";
		};
/* End PBXShellScriptBuildPhase section */

/* Begin PBXSourcesBuildPhase section */
		6E9C58D0240D53FD007AFD22 /* Sources */ = {
			isa = PBXSourcesBuildPhase;
			buildActionMask = 2147483647;
			files = (
				6E4FFF84240D635300C60596 /* TrackerService.swift in Sources */,
				6E4FFF7C240D621000C60596 /* ConfigurationConstants.swift in Sources */,
				6E4FFF80240D630700C60596 /* APIServiceError.swift in Sources */,
				6E9C58D8240D53FD007AFD22 /* AppDelegate.swift in Sources */,
				6E4FFF79240D616E00C60596 /* AdventCalenderListResponse.swift in Sources */,
				6E4FFF82240D632500C60596 /* AdventCalenderListRequest.swift in Sources */,
				6E4FFF89240D63FE00C60596 /* UIFontExtensions.swift in Sources */,
				6E9C58DA240D53FD007AFD22 /* SceneDelegate.swift in Sources */,
				6E4FFF7E240D62EE00C60596 /* APIService.swift in Sources */,
				6E4FFF77240D615E00C60596 /* AdventItemModel.swift in Sources */,
				6E4FFF86240D636300C60596 /* ExperimentService.swift in Sources */,
				6E9C58DC240D53FD007AFD22 /* ContentView.swift in Sources */,
				6E4FFF75240D612500C60596 /* GridCell.swift in Sources */,
				6E4FFF6D240D603500C60596 /* MainCalenderView.swift in Sources */,
				6E4FFF72240D60DF00C60596 /* GridView.swift in Sources */,
				6E4FFF6F240D607500C60596 /* DetailCalenderView.swift in Sources */,
			);
			runOnlyForDeploymentPostprocessing = 0;
		};
		6E9C58E6240D53FF007AFD22 /* Sources */ = {
			isa = PBXSourcesBuildPhase;
			buildActionMask = 2147483647;
			files = (
				6E9C58EF240D53FF007AFD22 /* PSAdeventCalenderTests.swift in Sources */,
			);
			runOnlyForDeploymentPostprocessing = 0;
		};
		6E9C58F1240D53FF007AFD22 /* Sources */ = {
			isa = PBXSourcesBuildPhase;
			buildActionMask = 2147483647;
			files = (
				6E9C58FA240D53FF007AFD22 /* PSAdeventCalenderUITests.swift in Sources */,
			);
			runOnlyForDeploymentPostprocessing = 0;
		};
/* End PBXSourcesBuildPhase section */

/* Begin PBXTargetDependency section */
		6E9C58EC240D53FF007AFD22 /* PBXTargetDependency */ = {
			isa = PBXTargetDependency;
			target = 6E9C58D3240D53FD007AFD22 /* PSAdeventCalender */;
			targetProxy = 6E9C58EB240D53FF007AFD22 /* PBXContainerItemProxy */;
		};
		6E9C58F7240D53FF007AFD22 /* PBXTargetDependency */ = {
			isa = PBXTargetDependency;
			target = 6E9C58D3240D53FD007AFD22 /* PSAdeventCalender */;
			targetProxy = 6E9C58F6240D53FF007AFD22 /* PBXContainerItemProxy */;
		};
/* End PBXTargetDependency section */

/* Begin PBXVariantGroup section */
		6E9C58E2240D53FE007AFD22 /* LaunchScreen.storyboard */ = {
			isa = PBXVariantGroup;
			children = (
				6E9C58E3240D53FE007AFD22 /* Base */,
			);
			name = LaunchScreen.storyboard;
			sourceTree = "<group>";
		};
/* End PBXVariantGroup section */

/* Begin XCBuildConfiguration section */
		6E9C58FC240D53FF007AFD22 /* Debug */ = {
			isa = XCBuildConfiguration;
			buildSettings = {
				ALWAYS_SEARCH_USER_PATHS = NO;
				CLANG_ANALYZER_NONNULL = YES;
				CLANG_ANALYZER_NUMBER_OBJECT_CONVERSION = YES_AGGRESSIVE;
				CLANG_CXX_LANGUAGE_STANDARD = "gnu++14";
				CLANG_CXX_LIBRARY = "libc++";
				CLANG_ENABLE_MODULES = YES;
				CLANG_ENABLE_OBJC_ARC = YES;
				CLANG_ENABLE_OBJC_WEAK = YES;
				CLANG_WARN_BLOCK_CAPTURE_AUTORELEASING = YES;
				CLANG_WARN_BOOL_CONVERSION = YES;
				CLANG_WARN_COMMA = YES;
				CLANG_WARN_CONSTANT_CONVERSION = YES;
				CLANG_WARN_DEPRECATED_OBJC_IMPLEMENTATIONS = YES;
				CLANG_WARN_DIRECT_OBJC_ISA_USAGE = YES_ERROR;
				CLANG_WARN_DOCUMENTATION_COMMENTS = YES;
				CLANG_WARN_EMPTY_BODY = YES;
				CLANG_WARN_ENUM_CONVERSION = YES;
				CLANG_WARN_INFINITE_RECURSION = YES;
				CLANG_WARN_INT_CONVERSION = YES;
				CLANG_WARN_NON_LITERAL_NULL_CONVERSION = YES;
				CLANG_WARN_OBJC_IMPLICIT_RETAIN_SELF = YES;
				CLANG_WARN_OBJC_LITERAL_CONVERSION = YES;
				CLANG_WARN_OBJC_ROOT_CLASS = YES_ERROR;
				CLANG_WARN_RANGE_LOOP_ANALYSIS = YES;
				CLANG_WARN_STRICT_PROTOTYPES = YES;
				CLANG_WARN_SUSPICIOUS_MOVE = YES;
				CLANG_WARN_UNGUARDED_AVAILABILITY = YES_AGGRESSIVE;
				CLANG_WARN_UNREACHABLE_CODE = YES;
				CLANG_WARN__DUPLICATE_METHOD_MATCH = YES;
				COPY_PHASE_STRIP = NO;
				DEBUG_INFORMATION_FORMAT = dwarf;
				ENABLE_STRICT_OBJC_MSGSEND = YES;
				ENABLE_TESTABILITY = YES;
				GCC_C_LANGUAGE_STANDARD = gnu11;
				GCC_DYNAMIC_NO_PIC = NO;
				GCC_NO_COMMON_BLOCKS = YES;
				GCC_OPTIMIZATION_LEVEL = 0;
				GCC_PREPROCESSOR_DEFINITIONS = (
					"DEBUG=1",
					"$(inherited)",
				);
				GCC_WARN_64_TO_32_BIT_CONVERSION = YES;
				GCC_WARN_ABOUT_RETURN_TYPE = YES_ERROR;
				GCC_WARN_UNDECLARED_SELECTOR = YES;
				GCC_WARN_UNINITIALIZED_AUTOS = YES_AGGRESSIVE;
				GCC_WARN_UNUSED_FUNCTION = YES;
				GCC_WARN_UNUSED_VARIABLE = YES;
				IPHONEOS_DEPLOYMENT_TARGET = 13.2;
				MTL_ENABLE_DEBUG_INFO = INCLUDE_SOURCE;
				MTL_FAST_MATH = YES;
				ONLY_ACTIVE_ARCH = YES;
				SDKROOT = iphoneos;
				SWIFT_ACTIVE_COMPILATION_CONDITIONS = DEBUG;
				SWIFT_OPTIMIZATION_LEVEL = "-Onone";
			};
			name = Debug;
		};
		6E9C58FD240D53FF007AFD22 /* Release */ = {
			isa = XCBuildConfiguration;
			buildSettings = {
				ALWAYS_SEARCH_USER_PATHS = NO;
				CLANG_ANALYZER_NONNULL = YES;
				CLANG_ANALYZER_NUMBER_OBJECT_CONVERSION = YES_AGGRESSIVE;
				CLANG_CXX_LANGUAGE_STANDARD = "gnu++14";
				CLANG_CXX_LIBRARY = "libc++";
				CLANG_ENABLE_MODULES = YES;
				CLANG_ENABLE_OBJC_ARC = YES;
				CLANG_ENABLE_OBJC_WEAK = YES;
				CLANG_WARN_BLOCK_CAPTURE_AUTORELEASING = YES;
				CLANG_WARN_BOOL_CONVERSION = YES;
				CLANG_WARN_COMMA = YES;
				CLANG_WARN_CONSTANT_CONVERSION = YES;
				CLANG_WARN_DEPRECATED_OBJC_IMPLEMENTATIONS = YES;
				CLANG_WARN_DIRECT_OBJC_ISA_USAGE = YES_ERROR;
				CLANG_WARN_DOCUMENTATION_COMMENTS = YES;
				CLANG_WARN_EMPTY_BODY = YES;
				CLANG_WARN_ENUM_CONVERSION = YES;
				CLANG_WARN_INFINITE_RECURSION = YES;
				CLANG_WARN_INT_CONVERSION = YES;
				CLANG_WARN_NON_LITERAL_NULL_CONVERSION = YES;
				CLANG_WARN_OBJC_IMPLICIT_RETAIN_SELF = YES;
				CLANG_WARN_OBJC_LITERAL_CONVERSION = YES;
				CLANG_WARN_OBJC_ROOT_CLASS = YES_ERROR;
				CLANG_WARN_RANGE_LOOP_ANALYSIS = YES;
				CLANG_WARN_STRICT_PROTOTYPES = YES;
				CLANG_WARN_SUSPICIOUS_MOVE = YES;
				CLANG_WARN_UNGUARDED_AVAILABILITY = YES_AGGRESSIVE;
				CLANG_WARN_UNREACHABLE_CODE = YES;
				CLANG_WARN__DUPLICATE_METHOD_MATCH = YES;
				COPY_PHASE_STRIP = NO;
				DEBUG_INFORMATION_FORMAT = "dwarf-with-dsym";
				ENABLE_NS_ASSERTIONS = NO;
				ENABLE_STRICT_OBJC_MSGSEND = YES;
				GCC_C_LANGUAGE_STANDARD = gnu11;
				GCC_NO_COMMON_BLOCKS = YES;
				GCC_WARN_64_TO_32_BIT_CONVERSION = YES;
				GCC_WARN_ABOUT_RETURN_TYPE = YES_ERROR;
				GCC_WARN_UNDECLARED_SELECTOR = YES;
				GCC_WARN_UNINITIALIZED_AUTOS = YES_AGGRESSIVE;
				GCC_WARN_UNUSED_FUNCTION = YES;
				GCC_WARN_UNUSED_VARIABLE = YES;
				IPHONEOS_DEPLOYMENT_TARGET = 13.2;
				MTL_ENABLE_DEBUG_INFO = NO;
				MTL_FAST_MATH = YES;
				SDKROOT = iphoneos;
				SWIFT_COMPILATION_MODE = wholemodule;
				SWIFT_OPTIMIZATION_LEVEL = "-O";
				VALIDATE_PRODUCT = YES;
			};
			name = Release;
		};
		6E9C58FF240D53FF007AFD22 /* Debug */ = {
			isa = XCBuildConfiguration;
			buildSettings = {
				ASSETCATALOG_COMPILER_APPICON_NAME = AppIcon;
				CODE_SIGN_STYLE = Automatic;
				DEVELOPMENT_ASSET_PATHS = "\"PSAdeventCalender/Preview Content\"";
				ENABLE_PREVIEWS = YES;
				INFOPLIST_FILE = PSAdeventCalender/Info.plist;
				LD_RUNPATH_SEARCH_PATHS = (
					"$(inherited)",
					"@executable_path/Frameworks",
				);
				PRODUCT_BUNDLE_IDENTIFIER = com.PS.AdventCalender.PSAdeventCalender;
				PRODUCT_NAME = "$(TARGET_NAME)";
				SWIFT_VERSION = 5.0;
				TARGETED_DEVICE_FAMILY = "1,2";
			};
			name = Debug;
		};
		6E9C5900240D53FF007AFD22 /* Release */ = {
			isa = XCBuildConfiguration;
			buildSettings = {
				ASSETCATALOG_COMPILER_APPICON_NAME = AppIcon;
				CODE_SIGN_STYLE = Automatic;
				DEVELOPMENT_ASSET_PATHS = "\"PSAdeventCalender/Preview Content\"";
				ENABLE_PREVIEWS = YES;
				INFOPLIST_FILE = PSAdeventCalender/Info.plist;
				LD_RUNPATH_SEARCH_PATHS = (
					"$(inherited)",
					"@executable_path/Frameworks",
				);
				PRODUCT_BUNDLE_IDENTIFIER = com.PS.AdventCalender.PSAdeventCalender;
				PRODUCT_NAME = "$(TARGET_NAME)";
				SWIFT_VERSION = 5.0;
				TARGETED_DEVICE_FAMILY = "1,2";
			};
			name = Release;
		};
		6E9C5902240D53FF007AFD22 /* Debug */ = {
			isa = XCBuildConfiguration;
			buildSettings = {
				ALWAYS_EMBED_SWIFT_STANDARD_LIBRARIES = YES;
				BUNDLE_LOADER = "$(TEST_HOST)";
				CODE_SIGN_STYLE = Automatic;
				INFOPLIST_FILE = PSAdeventCalenderTests/Info.plist;
				IPHONEOS_DEPLOYMENT_TARGET = 13.2;
				LD_RUNPATH_SEARCH_PATHS = (
					"$(inherited)",
					"@executable_path/Frameworks",
					"@loader_path/Frameworks",
				);
				PRODUCT_BUNDLE_IDENTIFIER = com.PS.AdventCalender.PSAdeventCalenderTests;
				PRODUCT_NAME = "$(TARGET_NAME)";
				SWIFT_VERSION = 5.0;
				TARGETED_DEVICE_FAMILY = "1,2";
				TEST_HOST = "$(BUILT_PRODUCTS_DIR)/PSAdeventCalender.app/PSAdeventCalender";
			};
			name = Debug;
		};
		6E9C5903240D53FF007AFD22 /* Release */ = {
			isa = XCBuildConfiguration;
			buildSettings = {
				ALWAYS_EMBED_SWIFT_STANDARD_LIBRARIES = YES;
				BUNDLE_LOADER = "$(TEST_HOST)";
				CODE_SIGN_STYLE = Automatic;
				INFOPLIST_FILE = PSAdeventCalenderTests/Info.plist;
				IPHONEOS_DEPLOYMENT_TARGET = 13.2;
				LD_RUNPATH_SEARCH_PATHS = (
					"$(inherited)",
					"@executable_path/Frameworks",
					"@loader_path/Frameworks",
				);
				PRODUCT_BUNDLE_IDENTIFIER = com.PS.AdventCalender.PSAdeventCalenderTests;
				PRODUCT_NAME = "$(TARGET_NAME)";
				SWIFT_VERSION = 5.0;
				TARGETED_DEVICE_FAMILY = "1,2";
				TEST_HOST = "$(BUILT_PRODUCTS_DIR)/PSAdeventCalender.app/PSAdeventCalender";
			};
			name = Release;
		};
		6E9C5905240D53FF007AFD22 /* Debug */ = {
			isa = XCBuildConfiguration;
			buildSettings = {
				ALWAYS_EMBED_SWIFT_STANDARD_LIBRARIES = YES;
				CODE_SIGN_STYLE = Automatic;
				INFOPLIST_FILE = PSAdeventCalenderUITests/Info.plist;
				LD_RUNPATH_SEARCH_PATHS = (
					"$(inherited)",
					"@executable_path/Frameworks",
					"@loader_path/Frameworks",
				);
				PRODUCT_BUNDLE_IDENTIFIER = com.PS.AdventCalender.PSAdeventCalenderUITests;
				PRODUCT_NAME = "$(TARGET_NAME)";
				SWIFT_VERSION = 5.0;
				TARGETED_DEVICE_FAMILY = "1,2";
				TEST_TARGET_NAME = PSAdeventCalender;
			};
			name = Debug;
		};
		6E9C5906240D53FF007AFD22 /* Release */ = {
			isa = XCBuildConfiguration;
			buildSettings = {
				ALWAYS_EMBED_SWIFT_STANDARD_LIBRARIES = YES;
				CODE_SIGN_STYLE = Automatic;
				INFOPLIST_FILE = PSAdeventCalenderUITests/Info.plist;
				LD_RUNPATH_SEARCH_PATHS = (
					"$(inherited)",
					"@executable_path/Frameworks",
					"@loader_path/Frameworks",
				);
				PRODUCT_BUNDLE_IDENTIFIER = com.PS.AdventCalender.PSAdeventCalenderUITests;
				PRODUCT_NAME = "$(TARGET_NAME)";
				SWIFT_VERSION = 5.0;
				TARGETED_DEVICE_FAMILY = "1,2";
				TEST_TARGET_NAME = PSAdeventCalender;
			};
			name = Release;
		};
/* End XCBuildConfiguration section */

/* Begin XCConfigurationList section */
		6E9C58CF240D53FD007AFD22 /* Build configuration list for PBXProject "PSAdeventCalender" */ = {
			isa = XCConfigurationList;
			buildConfigurations = (
				6E9C58FC240D53FF007AFD22 /* Debug */,
				6E9C58FD240D53FF007AFD22 /* Release */,
			);
			defaultConfigurationIsVisible = 0;
			defaultConfigurationName = Release;
		};
		6E9C58FE240D53FF007AFD22 /* Build configuration list for PBXNativeTarget "PSAdeventCalender" */ = {
			isa = XCConfigurationList;
			buildConfigurations = (
				6E9C58FF240D53FF007AFD22 /* Debug */,
				6E9C5900240D53FF007AFD22 /* Release */,
			);
			defaultConfigurationIsVisible = 0;
			defaultConfigurationName = Release;
		};
		6E9C5901240D53FF007AFD22 /* Build configuration list for PBXNativeTarget "PSAdeventCalenderTests" */ = {
			isa = XCConfigurationList;
			buildConfigurations = (
				6E9C5902240D53FF007AFD22 /* Debug */,
				6E9C5903240D53FF007AFD22 /* Release */,
			);
			defaultConfigurationIsVisible = 0;
			defaultConfigurationName = Release;
		};
		6E9C5904240D53FF007AFD22 /* Build configuration list for PBXNativeTarget "PSAdeventCalenderUITests" */ = {
			isa = XCConfigurationList;
			buildConfigurations = (
				6E9C5905240D53FF007AFD22 /* Debug */,
				6E9C5906240D53FF007AFD22 /* Release */,
			);
			defaultConfigurationIsVisible = 0;
			defaultConfigurationName = Release;
		};
/* End XCConfigurationList section */
	};
	rootObject = 6E9C58CC240D53FD007AFD22 /* Project object */;
}
